
Microsoft Visual Studio Solution File, Format Version 12.00
# Visual Studio Version 17
VisualStudioVersion = 17.14.36301.6
MinimumVisualStudioVersion = 10.0.40219.1
Project("{FAE04EC0-301F-11D3-BF4B-00C04F79EFBC}") = "MissionEngineering.MathLibrary", "MissionEngineering.MathLibrary\MissionEngineering.MathLibrary.csproj", "{24496800-4F40-4FDB-8CBE-8C8728F32E57}"
EndProject
Project("{FAE04EC0-301F-11D3-BF4B-00C04F79EFBC}") = "MissionEngineering.MathLibrary.Tests", "MissionEngineering.MathLibrary.Tests\MissionEngineering.MathLibrary.Tests.csproj", "{15A0341D-A624-40AC-AFEF-65B84292490B}"
EndProject
Project("{FAE04EC0-301F-11D3-BF4B-00C04F79EFBC}") = "MissionEngineering.Platform", "MissionEngineering.Platform\MissionEngineering.Platform.csproj", "{DAD39902-E652-4C4C-BA7E-07F7419A9873}"
EndProject
Project("{FAE04EC0-301F-11D3-BF4B-00C04F79EFBC}") = "MissionEngineering.Core", "MissionEngineering.Core\MissionEngineering.Core.csproj", "{99054463-3947-4CEF-839E-9422DD4663BD}"
EndProject
Project("{FAE04EC0-301F-11D3-BF4B-00C04F79EFBC}") = "MissionEngineering.Platform.Tests", "MissionEngineering.Platform.Tests\MissionEngineering.Platform.Tests.csproj", "{203CFB93-C5D7-4D7C-9EB9-7CDFC024BDDD}"
EndProject
Project("{FAE04EC0-301F-11D3-BF4B-00C04F79EFBC}") = "MissionEngineering.Simulation", "MissionEngineering.Simulation\MissionEngineering.Simulation.csproj", "{C421403A-566C-41FC-AF3E-DF20953873C9}"
EndProject
Project("{FAE04EC0-301F-11D3-BF4B-00C04F79EFBC}") = "MissionEngineering.DataRecorder", "MissionEngineering.DataRecorder\MissionEngineering.DataRecorder.csproj", "{545B74E5-9942-46B4-8641-F8AD9F6F68D2}"
EndProject
Project("{FAE04EC0-301F-11D3-BF4B-00C04F79EFBC}") = "MissionEngineering.Simulation.Data", "MissionEngineering.Simulation.Data\MissionEngineering.Simulation.Data.csproj", "{21912CF0-7E78-4300-A228-1D3EF24D9592}"
EndProject
Project("{FAE04EC0-301F-11D3-BF4B-00C04F79EFBC}") = "MissionEngineering.SimdisLibrary", "MissionEngineering.SimdisLibrary\MissionEngineering.SimdisLibrary.csproj", "{9BBEFB06-3A69-4590-A01B-4ACC4CAB1FF0}"
EndProject
Project("{FAE04EC0-301F-11D3-BF4B-00C04F79EFBC}") = "MissionEngineering.Simulation.Console", "MissionEngineering.Simulation.Console\MissionEngineering.Simulation.Console.csproj", "{D916AFBE-1E71-4991-84C7-39CB8327B07D}"
EndProject
Project("{FAE04EC0-301F-11D3-BF4B-00C04F79EFBC}") = "MissionEngineering.Scanner", "MissionEngineering.Scanner\MissionEngineering.Scanner.csproj", "{1C777554-A277-4889-AC8B-58E96BE2BCC7}"
EndProject
Project("{FAE04EC0-301F-11D3-BF4B-00C04F79EFBC}") = "MissionEngineering.Radar", "MissionEngineering.Radar\MissionEngineering.Radar.csproj", "{84F565B4-0B3A-41D6-A83C-4B2918E055B7}"
EndProject
Project("{FAE04EC0-301F-11D3-BF4B-00C04F79EFBC}") = "MissionEngineering.Radar.Tests", "MissionEngineering.Radar.Tests\MissionEngineering.Radar.Tests.csproj", "{FAA2F5A7-3CB9-4AE2-BCC3-D6902AAC325C}"
EndProject
Project("{FAE04EC0-301F-11D3-BF4B-00C04F79EFBC}") = "MissionEngineering.MissionEngineeringToolbox", "MissionEngineering.MissionEngineeringToolbox\MissionEngineering.MissionEngineeringToolbox.csproj", "{6C0B6C92-7A2C-4CCA-91AC-67234796C461}"
EndProject
Project("{FAE04EC0-301F-11D3-BF4B-00C04F79EFBC}") = "MissionEngineering.Radar.RadarDetectionModel.Console", "MissionEngineering.Radar.RadarDetectionModel.Console\MissionEngineering.Radar.RadarDetectionModel.Console.csproj", "{8B3AD380-1E21-4584-82A6-8C8F75B6739F}"
EndProject
Project("{FAE04EC0-301F-11D3-BF4B-00C04F79EFBC}") = "MissionEngineering.Task", "MissionEngineering.Task\MissionEngineering.Task.csproj", "{629E2227-3288-44E7-BA9C-1CDD4BCC7B3D}"
EndProject
Project("{FAE04EC0-301F-11D3-BF4B-00C04F79EFBC}") = "MissionEngineering.Task.Tests", "MissionEngineering.Task.Tests\MissionEngineering.Task.Tests.csproj", "{7B175A30-800B-4C52-BFB1-6692BF62963C}"
EndProject
Project("{FAE04EC0-301F-11D3-BF4B-00C04F79EFBC}") = "MissionEngineering.Simulation.Tests", "MissionEngineering.Simulation.Tests\MissionEngineering.Simulation.Tests.csproj", "{42FBDD13-243B-4AAA-9C47-E5669EAB825C}"
EndProject
Global
	GlobalSection(SolutionConfigurationPlatforms) = preSolution
		Debug|Any CPU = Debug|Any CPU
		Release|Any CPU = Release|Any CPU
	EndGlobalSection
	GlobalSection(ProjectConfigurationPlatforms) = postSolution
		{24496800-4F40-4FDB-8CBE-8C8728F32E57}.Debug|Any CPU.ActiveCfg = Debug|Any CPU
		{24496800-4F40-4FDB-8CBE-8C8728F32E57}.Debug|Any CPU.Build.0 = Debug|Any CPU
		{24496800-4F40-4FDB-8CBE-8C8728F32E57}.Release|Any CPU.ActiveCfg = Release|Any CPU
		{24496800-4F40-4FDB-8CBE-8C8728F32E57}.Release|Any CPU.Build.0 = Release|Any CPU
		{15A0341D-A624-40AC-AFEF-65B84292490B}.Debug|Any CPU.ActiveCfg = Debug|Any CPU
		{15A0341D-A624-40AC-AFEF-65B84292490B}.Debug|Any CPU.Build.0 = Debug|Any CPU
		{15A0341D-A624-40AC-AFEF-65B84292490B}.Release|Any CPU.ActiveCfg = Release|Any CPU
		{15A0341D-A624-40AC-AFEF-65B84292490B}.Release|Any CPU.Build.0 = Release|Any CPU
		{DAD39902-E652-4C4C-BA7E-07F7419A9873}.Debug|Any CPU.ActiveCfg = Debug|Any CPU
		{DAD39902-E652-4C4C-BA7E-07F7419A9873}.Debug|Any CPU.Build.0 = Debug|Any CPU
		{DAD39902-E652-4C4C-BA7E-07F7419A9873}.Release|Any CPU.ActiveCfg = Release|Any CPU
		{DAD39902-E652-4C4C-BA7E-07F7419A9873}.Release|Any CPU.Build.0 = Release|Any CPU
		{99054463-3947-4CEF-839E-9422DD4663BD}.Debug|Any CPU.ActiveCfg = Debug|Any CPU
		{99054463-3947-4CEF-839E-9422DD4663BD}.Debug|Any CPU.Build.0 = Debug|Any CPU
		{99054463-3947-4CEF-839E-9422DD4663BD}.Release|Any CPU.ActiveCfg = Release|Any CPU
		{99054463-3947-4CEF-839E-9422DD4663BD}.Release|Any CPU.Build.0 = Release|Any CPU
		{203CFB93-C5D7-4D7C-9EB9-7CDFC024BDDD}.Debug|Any CPU.ActiveCfg = Debug|Any CPU
		{203CFB93-C5D7-4D7C-9EB9-7CDFC024BDDD}.Debug|Any CPU.Build.0 = Debug|Any CPU
		{203CFB93-C5D7-4D7C-9EB9-7CDFC024BDDD}.Release|Any CPU.ActiveCfg = Release|Any CPU
		{203CFB93-C5D7-4D7C-9EB9-7CDFC024BDDD}.Release|Any CPU.Build.0 = Release|Any CPU
		{C421403A-566C-41FC-AF3E-DF20953873C9}.Debug|Any CPU.ActiveCfg = Debug|Any CPU
		{C421403A-566C-41FC-AF3E-DF20953873C9}.Debug|Any CPU.Build.0 = Debug|Any CPU
		{C421403A-566C-41FC-AF3E-DF20953873C9}.Release|Any CPU.ActiveCfg = Release|Any CPU
		{C421403A-566C-41FC-AF3E-DF20953873C9}.Release|Any CPU.Build.0 = Release|Any CPU
		{545B74E5-9942-46B4-8641-F8AD9F6F68D2}.Debug|Any CPU.ActiveCfg = Debug|Any CPU
		{545B74E5-9942-46B4-8641-F8AD9F6F68D2}.Debug|Any CPU.Build.0 = Debug|Any CPU
		{545B74E5-9942-46B4-8641-F8AD9F6F68D2}.Release|Any CPU.ActiveCfg = Release|Any CPU
		{545B74E5-9942-46B4-8641-F8AD9F6F68D2}.Release|Any CPU.Build.0 = Release|Any CPU
		{21912CF0-7E78-4300-A228-1D3EF24D9592}.Debug|Any CPU.ActiveCfg = Debug|Any CPU
		{21912CF0-7E78-4300-A228-1D3EF24D9592}.Debug|Any CPU.Build.0 = Debug|Any CPU
		{21912CF0-7E78-4300-A228-1D3EF24D9592}.Release|Any CPU.ActiveCfg = Release|Any CPU
		{21912CF0-7E78-4300-A228-1D3EF24D9592}.Release|Any CPU.Build.0 = Release|Any CPU
		{9BBEFB06-3A69-4590-A01B-4ACC4CAB1FF0}.Debug|Any CPU.ActiveCfg = Debug|Any CPU
		{9BBEFB06-3A69-4590-A01B-4ACC4CAB1FF0}.Debug|Any CPU.Build.0 = Debug|Any CPU
		{9BBEFB06-3A69-4590-A01B-4ACC4CAB1FF0}.Release|Any CPU.ActiveCfg = Release|Any CPU
		{9BBEFB06-3A69-4590-A01B-4ACC4CAB1FF0}.Release|Any CPU.Build.0 = Release|Any CPU
		{D916AFBE-1E71-4991-84C7-39CB8327B07D}.Debug|Any CPU.ActiveCfg = Debug|Any CPU
		{D916AFBE-1E71-4991-84C7-39CB8327B07D}.Debug|Any CPU.Build.0 = Debug|Any CPU
		{D916AFBE-1E71-4991-84C7-39CB8327B07D}.Release|Any CPU.ActiveCfg = Release|Any CPU
		{D916AFBE-1E71-4991-84C7-39CB8327B07D}.Release|Any CPU.Build.0 = Release|Any CPU
		{1C777554-A277-4889-AC8B-58E96BE2BCC7}.Debug|Any CPU.ActiveCfg = Debug|Any CPU
		{1C777554-A277-4889-AC8B-58E96BE2BCC7}.Debug|Any CPU.Build.0 = Debug|Any CPU
		{1C777554-A277-4889-AC8B-58E96BE2BCC7}.Release|Any CPU.ActiveCfg = Release|Any CPU
		{1C777554-A277-4889-AC8B-58E96BE2BCC7}.Release|Any CPU.Build.0 = Release|Any CPU
		{84F565B4-0B3A-41D6-A83C-4B2918E055B7}.Debug|Any CPU.ActiveCfg = Debug|Any CPU
		{84F565B4-0B3A-41D6-A83C-4B2918E055B7}.Debug|Any CPU.Build.0 = Debug|Any CPU
		{84F565B4-0B3A-41D6-A83C-4B2918E055B7}.Release|Any CPU.ActiveCfg = Release|Any CPU
		{84F565B4-0B3A-41D6-A83C-4B2918E055B7}.Release|Any CPU.Build.0 = Release|Any CPU
		{FAA2F5A7-3CB9-4AE2-BCC3-D6902AAC325C}.Debug|Any CPU.ActiveCfg = Debug|Any CPU
		{FAA2F5A7-3CB9-4AE2-BCC3-D6902AAC325C}.Debug|Any CPU.Build.0 = Debug|Any CPU
		{FAA2F5A7-3CB9-4AE2-BCC3-D6902AAC325C}.Release|Any CPU.ActiveCfg = Release|Any CPU
		{FAA2F5A7-3CB9-4AE2-BCC3-D6902AAC325C}.Release|Any CPU.Build.0 = Release|Any CPU
		{6C0B6C92-7A2C-4CCA-91AC-67234796C461}.Debug|Any CPU.ActiveCfg = Debug|Any CPU
		{6C0B6C92-7A2C-4CCA-91AC-67234796C461}.Debug|Any CPU.Build.0 = Debug|Any CPU
		{6C0B6C92-7A2C-4CCA-91AC-67234796C461}.Release|Any CPU.ActiveCfg = Release|Any CPU
		{6C0B6C92-7A2C-4CCA-91AC-67234796C461}.Release|Any CPU.Build.0 = Release|Any CPU
		{8B3AD380-1E21-4584-82A6-8C8F75B6739F}.Debug|Any CPU.ActiveCfg = Debug|Any CPU
		{8B3AD380-1E21-4584-82A6-8C8F75B6739F}.Debug|Any CPU.Build.0 = Debug|Any CPU
		{8B3AD380-1E21-4584-82A6-8C8F75B6739F}.Release|Any CPU.ActiveCfg = Release|Any CPU
		{8B3AD380-1E21-4584-82A6-8C8F75B6739F}.Release|Any CPU.Build.0 = Release|Any CPU
		{629E2227-3288-44E7-BA9C-1CDD4BCC7B3D}.Debug|Any CPU.ActiveCfg = Debug|Any CPU
		{629E2227-3288-44E7-BA9C-1CDD4BCC7B3D}.Debug|Any CPU.Build.0 = Debug|Any CPU
		{629E2227-3288-44E7-BA9C-1CDD4BCC7B3D}.Release|Any CPU.ActiveCfg = Release|Any CPU
		{629E2227-3288-44E7-BA9C-1CDD4BCC7B3D}.Release|Any CPU.Build.0 = Release|Any CPU
		{7B175A30-800B-4C52-BFB1-6692BF62963C}.Debug|Any CPU.ActiveCfg = Debug|Any CPU
		{7B175A30-800B-4C52-BFB1-6692BF62963C}.Debug|Any CPU.Build.0 = Debug|Any CPU
		{7B175A30-800B-4C52-BFB1-6692BF62963C}.Release|Any CPU.ActiveCfg = Release|Any CPU
		{7B175A30-800B-4C52-BFB1-6692BF62963C}.Release|Any CPU.Build.0 = Release|Any CPU
		{42FBDD13-243B-4AAA-9C47-E5669EAB825C}.Debug|Any CPU.ActiveCfg = Debug|Any CPU
		{42FBDD13-243B-4AAA-9C47-E5669EAB825C}.Debug|Any CPU.Build.0 = Debug|Any CPU
		{42FBDD13-243B-4AAA-9C47-E5669EAB825C}.Release|Any CPU.ActiveCfg = Release|Any CPU
		{42FBDD13-243B-4AAA-9C47-E5669EAB825C}.Release|Any CPU.Build.0 = Release|Any CPU
	EndGlobalSection
	GlobalSection(SolutionProperties) = preSolution
		HideSolutionNode = FALSE
	EndGlobalSection
	GlobalSection(ExtensibilityGlobals) = postSolution
		SolutionGuid = {8BFB262C-37E7-4A15-9D7B-6A50240ADC36}
	EndGlobalSection
EndGlobal
