
Microsoft Visual Studio Solution File, Format Version 12.00
# Visual Studio Version 17
VisualStudioVersion = 17.14.36301.6
MinimumVisualStudioVersion = 10.0.40219.1
Project("{FAE04EC0-301F-11D3-BF4B-00C04F79EFBC}") = "MissionEngineering.MathLibrary", "MissionEngineering.MathLibrary\MissionEngineering.MathLibrary.csproj", "{24496800-4F40-4FDB-8CBE-8C8728F32E57}"
EndProject
Project("{FAE04EC0-301F-11D3-BF4B-00C04F79EFBC}") = "MissionEngineering.MathLibrary.Tests", "MissionEngineering.MathLibrary.Tests\MissionEngineering.MathLibrary.Tests.csproj", "{15A0341D-A624-40AC-AFEF-65B84292490B}"
EndProject
Project("{FAE04EC0-301F-11D3-BF4B-00C04F79EFBC}") = "MissionEngineering.Platform", "MissionEngineering.Platform\MissionEngineering.Platform.csproj", "{DAD39902-E652-4C4C-BA7E-07F7419A9873}"
EndProject
Project("{FAE04EC0-301F-11D3-BF4B-00C04F79EFBC}") = "MissionEngineering.Core", "MissionEngineering.Core\MissionEngineering.Core.csproj", "{99054463-3947-4CEF-839E-9422DD4663BD}"
EndProject
Global
	GlobalSection(SolutionConfigurationPlatforms) = preSolution
		Debug|Any CPU = Debug|Any CPU
		Release|Any CPU = Release|Any CPU
	EndGlobalSection
	GlobalSection(ProjectConfigurationPlatforms) = postSolution
		{24496800-4F40-4FDB-8CBE-8C8728F32E57}.Debug|Any CPU.ActiveCfg = Debug|Any CPU
		{24496800-4F40-4FDB-8CBE-8C8728F32E57}.Debug|Any CPU.Build.0 = Debug|Any CPU
		{24496800-4F40-4FDB-8CBE-8C8728F32E57}.Release|Any CPU.ActiveCfg = Release|Any CPU
		{24496800-4F40-4FDB-8CBE-8C8728F32E57}.Release|Any CPU.Build.0 = Release|Any CPU
		{15A0341D-A624-40AC-AFEF-65B84292490B}.Debug|Any CPU.ActiveCfg = Debug|Any CPU
		{15A0341D-A624-40AC-AFEF-65B84292490B}.Debug|Any CPU.Build.0 = Debug|Any CPU
		{15A0341D-A624-40AC-AFEF-65B84292490B}.Release|Any CPU.ActiveCfg = Release|Any CPU
		{15A0341D-A624-40AC-AFEF-65B84292490B}.Release|Any CPU.Build.0 = Release|Any CPU
		{DAD39902-E652-4C4C-BA7E-07F7419A9873}.Debug|Any CPU.ActiveCfg = Debug|Any CPU
		{DAD39902-E652-4C4C-BA7E-07F7419A9873}.Debug|Any CPU.Build.0 = Debug|Any CPU
		{DAD39902-E652-4C4C-BA7E-07F7419A9873}.Release|Any CPU.ActiveCfg = Release|Any CPU
		{DAD39902-E652-4C4C-BA7E-07F7419A9873}.Release|Any CPU.Build.0 = Release|Any CPU
		{99054463-3947-4CEF-839E-9422DD4663BD}.Debug|Any CPU.ActiveCfg = Debug|Any CPU
		{99054463-3947-4CEF-839E-9422DD4663BD}.Debug|Any CPU.Build.0 = Debug|Any CPU
		{99054463-3947-4CEF-839E-9422DD4663BD}.Release|Any CPU.ActiveCfg = Release|Any CPU
		{99054463-3947-4CEF-839E-9422DD4663BD}.Release|Any CPU.Build.0 = Release|Any CPU
	EndGlobalSection
	GlobalSection(SolutionProperties) = preSolution
		HideSolutionNode = FALSE
	EndGlobalSection
	GlobalSection(ExtensibilityGlobals) = postSolution
		SolutionGuid = {8BFB262C-37E7-4A15-9D7B-6A50240ADC36}
	EndGlobalSection
EndGlobal
